
Microsoft Visual Studio Solution File, Format Version 12.00
# Visual Studio Version 17
VisualStudioVersion = 17.8.34511.84
MinimumVisualStudioVersion = 10.0.40219.1
Project("{FAE04EC0-301F-11D3-BF4B-00C04F79EFBC}") = "ControleContas", "ControleContas\ControleContas.csproj", "{07C293EA-4A9E-42CE-A06F-AAC3F1244F12}"
EndProject
Global
	GlobalSection(SolutionConfigurationPlatforms) = preSolution
		Debug|Any CPU = Debug|Any CPU
		Release|Any CPU = Release|Any CPU
	EndGlobalSection
	GlobalSection(ProjectConfigurationPlatforms) = postSolution
		{07C293EA-4A9E-42CE-A06F-AAC3F1244F12}.Debug|Any CPU.ActiveCfg = Debug|Any CPU
		{07C293EA-4A9E-42CE-A06F-AAC3F1244F12}.Debug|Any CPU.Build.0 = Debug|Any CPU
		{07C293EA-4A9E-42CE-A06F-AAC3F1244F12}.Release|Any CPU.ActiveCfg = Release|Any CPU
		{07C293EA-4A9E-42CE-A06F-AAC3F1244F12}.Release|Any CPU.Build.0 = Release|Any CPU
	EndGlobalSection
	GlobalSection(SolutionProperties) = preSolution
		HideSolutionNode = FALSE
	EndGlobalSection
	GlobalSection(ExtensibilityGlobals) = postSolution
		SolutionGuid = {782B9E55-23C0-42B5-87EF-6E7BB6C40DBD}
	EndGlobalSection
EndGlobal
